
Microsoft Visual Studio Solution File, Format Version 12.00
# Visual Studio Version 16
VisualStudioVersion = 16.0.31005.135
MinimumVisualStudioVersion = 10.0.40219.1
Project("{FAE04EC0-301F-11D3-BF4B-00C04F79EFBC}") = "Multy_Threaded_Restaurant", "Multy_Threaded_Restaurant.csproj", "{4E8D7A3F-E9AE-424C-A94E-3ADC04378141}"
EndProject
Global
	GlobalSection(SolutionConfigurationPlatforms) = preSolution
		Debug|Any CPU = Debug|Any CPU
		Release|Any CPU = Release|Any CPU
	EndGlobalSection
	GlobalSection(ProjectConfigurationPlatforms) = postSolution
		{4E8D7A3F-E9AE-424C-A94E-3ADC04378141}.Debug|Any CPU.ActiveCfg = Debug|Any CPU
		{4E8D7A3F-E9AE-424C-A94E-3ADC04378141}.Debug|Any CPU.Build.0 = Debug|Any CPU
		{4E8D7A3F-E9AE-424C-A94E-3ADC04378141}.Release|Any CPU.ActiveCfg = Release|Any CPU
		{4E8D7A3F-E9AE-424C-A94E-3ADC04378141}.Release|Any CPU.Build.0 = Release|Any CPU
	EndGlobalSection
	GlobalSection(SolutionProperties) = preSolution
		HideSolutionNode = FALSE
	EndGlobalSection
	GlobalSection(ExtensibilityGlobals) = postSolution
		SolutionGuid = {11EF5B51-E454-42AF-8C33-52F7BBCBF81B}
	EndGlobalSection
EndGlobal
